// !$*UTF8*$!
{
	archiveVersion = 1;
	classes = {
	};
	objectVersion = 46;
	objects = {

/* Begin PBXFileReference section */
		7FBC67A317BAD40700025913 /* HSAIPathFinding.h */ = {isa = PBXFileReference; lastKnownFileType = sourcecode.c.h; path = HSAIPathFinding.h; sourceTree = "<group>"; };
		7FBC67A417BAD40700025913 /* HSAIPathFinding.m */ = {isa = PBXFileReference; lastKnownFileType = sourcecode.c.objc; path = HSAIPathFinding.m; sourceTree = "<group>"; };
/* End PBXFileReference section */

/* Begin PBXGroup section */
		7FBC679C17BAD3E500025913 = {
			isa = PBXGroup;
			children = (
				7FBC67A317BAD40700025913 /* HSAIPathFinding.h */,
				7FBC67A417BAD40700025913 /* HSAIPathFinding.m */,
			);
			sourceTree = "<group>";
		};
/* End PBXGroup section */

/* Begin PBXProject section */
		7FBC679D17BAD3E500025913 /* Project object */ = {
			isa = PBXProject;
			attributes = {
				LastUpgradeCheck = 0500;
			};
			buildConfigurationList = 7FBC67A017BAD3E500025913 /* Build configuration list for PBXProject "a-star-obj-c" */;
			compatibilityVersion = "Xcode 3.2";
			developmentRegion = English;
			hasScannedForEncodings = 0;
			knownRegions = (
				en,
			);
			mainGroup = 7FBC679C17BAD3E500025913;
			projectDirPath = "";
			projectRoot = "";
			targets = (
			);
		};
/* End PBXProject section */

/* Begin XCBuildConfiguration section */
		7FBC67A117BAD3E500025913 /* Debug */ = {
			isa = XCBuildConfiguration;
			buildSettings = {
			};
			name = Debug;
		};
		7FBC67A217BAD3E500025913 /* Release */ = {
			isa = XCBuildConfiguration;
			buildSettings = {
			};
			name = Release;
		};
/* End XCBuildConfiguration section */

/* Begin XCConfigurationList section */
		7FBC67A017BAD3E500025913 /* Build configuration list for PBXProject "a-star-obj-c" */ = {
			isa = XCConfigurationList;
			buildConfigurations = (
				7FBC67A117BAD3E500025913 /* Debug */,
				7FBC67A217BAD3E500025913 /* Release */,
			);
			defaultConfigurationIsVisible = 0;
			defaultConfigurationName = Release;
		};
/* End XCConfigurationList section */
	};
	rootObject = 7FBC679D17BAD3E500025913 /* Project object */;
}
